
Microsoft Visual Studio Solution File, Format Version 12.00
# Visual Studio Version 17
VisualStudioVersion = 17.4.33122.133
MinimumVisualStudioVersion = 10.0.40219.1
Project("{FAE04EC0-301F-11D3-BF4B-00C04F79EFBC}") = "Notes", "Notes\Notes.csproj", "{83078327-4959-4E91-9900-F704CF58F6B5}"
EndProject
Project("{FAE04EC0-301F-11D3-BF4B-00C04F79EFBC}") = "NotesTests", "NotesTests\NotesTests.csproj", "{0B6EAE17-960B-49A6-9A74-FF69C9D3AC3B}"
EndProject
Global
	GlobalSection(SolutionConfigurationPlatforms) = preSolution
		Debug|Any CPU = Debug|Any CPU
		Release|Any CPU = Release|Any CPU
	EndGlobalSection
	GlobalSection(ProjectConfigurationPlatforms) = postSolution
		{83078327-4959-4E91-9900-F704CF58F6B5}.Debug|Any CPU.ActiveCfg = Debug|Any CPU
		{83078327-4959-4E91-9900-F704CF58F6B5}.Debug|Any CPU.Build.0 = Debug|Any CPU
		{83078327-4959-4E91-9900-F704CF58F6B5}.Release|Any CPU.ActiveCfg = Release|Any CPU
		{83078327-4959-4E91-9900-F704CF58F6B5}.Release|Any CPU.Build.0 = Release|Any CPU
		{0B6EAE17-960B-49A6-9A74-FF69C9D3AC3B}.Debug|Any CPU.ActiveCfg = Debug|Any CPU
		{0B6EAE17-960B-49A6-9A74-FF69C9D3AC3B}.Debug|Any CPU.Build.0 = Debug|Any CPU
		{0B6EAE17-960B-49A6-9A74-FF69C9D3AC3B}.Release|Any CPU.ActiveCfg = Release|Any CPU
		{0B6EAE17-960B-49A6-9A74-FF69C9D3AC3B}.Release|Any CPU.Build.0 = Release|Any CPU
	EndGlobalSection
	GlobalSection(SolutionProperties) = preSolution
		HideSolutionNode = FALSE
	EndGlobalSection
	GlobalSection(ExtensibilityGlobals) = postSolution
		SolutionGuid = {1085F7B2-3BEE-4FBA-8A45-3CCBD88027EE}
	EndGlobalSection
EndGlobal
